uuid: 64bbdf69-f843-4aac-9cb5-b816cd73b324
langcode: en
status: true
dependencies:
  content:
    - 'block_content:html:aed15540-5fcf-467c-b6ed-2ec4ee6c92b6'
  module:
    - block_content
  theme:
    - sentinel_bootstrap_sass
id: topfooterblock
theme: sentinel_bootstrap_sass
region: footer_fifth
weight: -9
provider: null
plugin: 'block_content:aed15540-5fcf-467c-b6ed-2ec4ee6c92b6'
settings:
  id: 'block_content:aed15540-5fcf-467c-b6ed-2ec4ee6c92b6'
  label: 'Top footer block'
  provider: block_content
  label_display: '0'
  status: true
  info: ''
  view_mode: full
visibility: {  }
